<?xml version="1.0" encoding="utf-8"?>
<Project ToolsVersion="4.0" xmlns="http://schemas.microsoft.com/developer/msbuild/2003">
  <ItemGroup>
    <Filter Include="win32">
      <UniqueIdentifier>{84a8ebd7-7cf0-47f6-b75e-d441df67da40}</UniqueIdentifier>
    </Filter>
    <Filter Include="resource">
      <UniqueIdentifier>{715254bc-d70b-4ec5-bf29-467dd3ace079}</UniqueIdentifier>
    </Filter>
    <Filter Include="src">
      <UniqueIdentifier>{bb6c862e-70e9-49d9-81b7-3829a6f50471}</UniqueIdentifier>
    </Filter>
  </ItemGroup>
  <ItemGroup>
    <ClCompile Include="src\AppDelegate.cpp" />
    <ClCompile Include="src\debug\Errors.cpp" />
    <ClCompile Include="src\Main.cpp" />
    <ClCompile Include="src\SceneManager.cpp" />
    <ClCompile Include="src\StateManager.cpp" />
    <ClCompile Include="src\network\GameMessages.cpp" />
    <ClCompile Include="src\network\Peers.cpp" />
    <ClCompile Include="src\network\sockets\Socket.cpp" />
    <ClCompile Include="src\network\sockets\SocketManager.cpp" />
    <ClCompile Include="src\network\sockets\SocketPoll.cpp" />
    <ClCompile Include="src\debug\Logger.cpp" />
    <ClCompile Include="src\network\message\MID.cpp" />
    <ClCompile Include="src\network\message\Message.cpp" />
    <ClCompile Include="src\network\message\Callback.cpp" />
    <ClCompile Include="src\network\message\Stream.cpp" />
    <ClCompile Include="src\gui\MessageBox.cpp" />
    <ClCompile Include="src\gui\Button.cpp" />
    <ClCompile Include="src\assets\Textures.cpp" />
    <ClCompile Include="src\assets\Animations.cpp" />
    <ClCompile Include="src\assets\CSB.cpp" />
    <ClCompile Include="src\assets\Assets.cpp" />
    <ClCompile Include="src\assets\Maps.cpp" />
    <ClCompile Include="src\states\Startup.cpp" />
    <ClCompile Include="src\states\Login.cpp" />
    <ClCompile Include="src\states\Game.cpp" />
    <ClCompile Include="src\input\KeyboardInput.cpp" />
    <ClCompile Include="src\input\MouseInput.cpp" />
    <ClCompile Include="src\assets\Particles.cpp" />
    <ClCompile Include="src\physics\Physics.cpp" />
    <ClCompile Include="src\map\TerrainData.cpp" />
    <ClCompile Include="src\map\Terrain.cpp" />
    <ClCompile Include="src\map\Cam.cpp" />
    <ClCompile Include="src\entities\bullets\Bullet.cpp" />
    <ClCompile Include="src\entities\units\Unit.cpp" />
    <ClCompile Include="src\entities\units\components\BulletAimerComponent.cpp" />
    <ClCompile Include="src\entities\units\components\ColliderComponent.cpp" />
    <ClCompile Include="src\entities\units\components\PlayerMoveComponent.cpp" />
    <ClCompile Include="src\gui\GameGUI.cpp" />
    <ClCompile Include="src\entities\units\UnitSpawner.cpp" />
    <ClCompile Include="src\entities\bullets\BulletGroup.cpp" />
    <ClCompile Include="src\entities\items\Item.cpp" />
    <ClCompile Include="src\entities\items\Weapon.cpp" />
  </ItemGroup>
  <ItemGroup>
    <ClInclude Include="src\AppDelegate.h" />
    <ClInclude Include="resource.h" />
    <ClInclude Include="src\debug\PlatformConfig.h" />
    <ClInclude Include="src\debug\Errors.h" />
    <ClInclude Include="src\SceneManager.h" />
    <ClInclude Include="src\StateManager.h" />
    <ClInclude Include="src\network\GameMessages.h" />
    <ClInclude Include="src\network\Peers.h" />
    <ClInclude Include="src\network\sockets\Socket.h" />
    <ClInclude Include="src\network\sockets\SocketManager.h" />
    <ClInclude Include="src\network\sockets\SocketPoll.h" />
    <ClInclude Include="src\debug\Logger.h" />
    <ClInclude Include="src\network\message\MID.h" />
    <ClInclude Include="src\network\message\Message.h" />
    <ClInclude Include="src\network\message\Callback.h" />
    <ClInclude Include="src\network\message\Stream.h" />
    <ClInclude Include="src\gui\MessageBox.h" />
    <ClInclude Include="src\gui\Button.h" />
    <ClInclude Include="src\assets\Textures.h" />
    <ClInclude Include="src\assets\Animations.h" />
    <ClInclude Include="src\assets\CSB.h" />
    <ClInclude Include="src\assets\Assets.h" />
    <ClInclude Include="src\assets\Maps.h" />
    <ClInclude Include="src\network\Defines.h" />
    <ClInclude Include="src\states\Startup.h" />
    <ClInclude Include="src\states\Login.h" />
    <ClInclude Include="src\states\Game.h" />
    <ClInclude Include="src\states\Defines.h" />
    <ClInclude Include="src\input\KeyboardInput.h" />
    <ClInclude Include="src\input\MouseInput.h" />
    <ClInclude Include="src\entities\EntityDefines.h" />
    <ClInclude Include="src\assets\AssetsDefines.h" />
    <ClInclude Include="src\assets\Particles.h" />
    <ClInclude Include="src\physics\Physics.h" />
    <ClInclude Include="src\physics\PhysicsDefines.h" />
    <ClInclude Include="src\map\TerrainData.h" />
    <ClInclude Include="src\map\Terrain.h" />
    <ClInclude Include="src\map\MapDefines.h" />
    <ClInclude Include="src\map\Cam.h" />
    <ClInclude Include="src\entities\bullets\Bullet.h" />
    <ClInclude Include="src\entities\bullets\BulletLogic.h" />
    <ClInclude Include="src\entities\units\components\BulletAimerComponent.h" />
    <ClInclude Include="src\entities\units\components\ColliderComponent.h" />
    <ClInclude Include="src\entities\units\components\ComponentBase.h" />
    <ClInclude Include="src\entities\units\components\PlayerMoveComponent.h" />
    <ClInclude Include="src\entities\units\Unit.h" />
    <ClInclude Include="src\gui\GameGUI.h" />
    <ClInclude Include="src\gui\GUIDefines.h" />
    <ClInclude Include="src\entities\units\UnitSpawner.h" />
    <ClInclude Include="src\entities\bullets\BulletGroup.h" />
    <ClInclude Include="src\entities\EntityScheduler.h" />
    <ClInclude Include="src\entities\items\Item.h" />
    <ClInclude Include="src\entities\items\Weapon.h" />
  </ItemGroup>
  <ItemGroup>
    <ResourceCompile Include="game.rc">
      <Filter>resource</Filter>
    </ResourceCompile>
  </ItemGroup>
  <ItemGroup>
    <None Include="build-cfg.json" />
    <None Include="game.aps" />
    <None Include="PropertySheet.props" />
    <None Include="src\network\message\MID_Defines.def" />
  </ItemGroup>
</Project>